{
    "name": "type-script-demo",
    "version": "1.0.0",
    "lockfileVersion": 2,
    "requires": true,
    "packages": {
        "": {
            "name": "type-script-demo",
            "version": "1.0.0",
            "license": "ISC",
            "dependencies": {
                "really-relaxed-json": "^0.3.2",
                "reflect-metadata": "^0.1.13",
                "ts": "^0.0.0"
            }
        },
        "node_modules/really-relaxed-json": {
            "version": "0.3.2",
            "resolved": "https://registry.npmjs.org/really-relaxed-json/-/really-relaxed-json-0.3.2.tgz",
            "integrity": "sha512-dWDnjzCnOyjfY26IHMEomqE5D3btCs5D7I8iSAeqPs+Jxm1m6W/jwn0cxlXW8u24RD29bi5llLOEVN87JUrqag=="
        },
        "node_modules/reflect-metadata": {
            "version": "0.1.13",
            "resolved": "https://registry.npmjs.org/reflect-metadata/-/reflect-metadata-0.1.13.tgz",
            "integrity": "sha512-Ts1Y/anZELhSsjMcU605fU9RE4Oi3p5ORujwbIKXfWa+0Zxs510Qrmrce5/Jowq3cHSZSJqBjypxmHarc+vEWg=="
        },
        "node_modules/span": {
            "version": "0.0.6",
            "resolved": "https://registry.npmjs.org/span/-/span-0.0.6.tgz",
            "integrity": "sha512-/pDaxDE8jcMP8lRgarab5cirykIZHN0+HyoEq/iU+pUXhwBkcNhRSW3oERFqDE+ZNQyR3tkWJGVNyQn7yLf+Ew=="
        },
        "node_modules/ts": {
            "version": "0.0.0",
            "resolved": "https://registry.npmjs.org/ts/-/ts-0.0.0.tgz",
            "integrity": "sha512-vbXOvciZMgKrKHDVhYXc8X/jOwofDtRG0dB8Hf8GNawe3mmw+zgXZRjKpz89eJrZdPvM+uRM+WfCJf6KBsCfbQ==",
            "dependencies": {
                "span": "~0.0.5"
            },
            "bin": {
                "ts": "bin/ts.js"
            }
        }
    },
    "dependencies": {
        "really-relaxed-json": {
            "version": "0.3.2",
            "resolved": "https://registry.npmjs.org/really-relaxed-json/-/really-relaxed-json-0.3.2.tgz",
            "integrity": "sha512-dWDnjzCnOyjfY26IHMEomqE5D3btCs5D7I8iSAeqPs+Jxm1m6W/jwn0cxlXW8u24RD29bi5llLOEVN87JUrqag=="
        },
        "reflect-metadata": {
            "version": "0.1.13",
            "resolved": "https://registry.npmjs.org/reflect-metadata/-/reflect-metadata-0.1.13.tgz",
            "integrity": "sha512-Ts1Y/anZELhSsjMcU605fU9RE4Oi3p5ORujwbIKXfWa+0Zxs510Qrmrce5/Jowq3cHSZSJqBjypxmHarc+vEWg=="
        },
        "span": {
            "version": "0.0.6",
            "resolved": "https://registry.npmjs.org/span/-/span-0.0.6.tgz",
            "integrity": "sha512-/pDaxDE8jcMP8lRgarab5cirykIZHN0+HyoEq/iU+pUXhwBkcNhRSW3oERFqDE+ZNQyR3tkWJGVNyQn7yLf+Ew=="
        },
        "ts": {
            "version": "0.0.0",
            "resolved": "https://registry.npmjs.org/ts/-/ts-0.0.0.tgz",
            "integrity": "sha512-vbXOvciZMgKrKHDVhYXc8X/jOwofDtRG0dB8Hf8GNawe3mmw+zgXZRjKpz89eJrZdPvM+uRM+WfCJf6KBsCfbQ==",
            "requires": {
                "span": "~0.0.5"
            }
        }
    }
}
